
Microsoft Visual Studio Solution File, Format Version 12.00
# Visual Studio Version 17
VisualStudioVersion = 17.4.33213.308
MinimumVisualStudioVersion = 10.0.40219.1
Project("{FAE04EC0-301F-11D3-BF4B-00C04F79EFBC}") = "threedottwo", "threedottwo\threedottwo.csproj", "{F004EB69-D860-41B6-B089-5FD94AAEF3C7}"
EndProject
Global
	GlobalSection(SolutionConfigurationPlatforms) = preSolution
		Debug|Any CPU = Debug|Any CPU
		Release|Any CPU = Release|Any CPU
	EndGlobalSection
	GlobalSection(ProjectConfigurationPlatforms) = postSolution
		{F004EB69-D860-41B6-B089-5FD94AAEF3C7}.Debug|Any CPU.ActiveCfg = Debug|Any CPU
		{F004EB69-D860-41B6-B089-5FD94AAEF3C7}.Debug|Any CPU.Build.0 = Debug|Any CPU
		{F004EB69-D860-41B6-B089-5FD94AAEF3C7}.Release|Any CPU.ActiveCfg = Release|Any CPU
		{F004EB69-D860-41B6-B089-5FD94AAEF3C7}.Release|Any CPU.Build.0 = Release|Any CPU
	EndGlobalSection
	GlobalSection(SolutionProperties) = preSolution
		HideSolutionNode = FALSE
	EndGlobalSection
	GlobalSection(ExtensibilityGlobals) = postSolution
		SolutionGuid = {2BE0B41E-42E0-477F-916F-34D219164AC5}
	EndGlobalSection
EndGlobal
